dependencies:
- name: mongodb
  repository: oci://registry-1.docker.io/cloudpirates
  version: 0.10.3
- name: common
  repository: https://charts.bitnami.com/bitnami
  version: 2.36.0
digest: sha256:618641e1ac1a963b0e152ccb22a80b15cdf425e53bd84f7d84c0f694ff933656
generated: "2026-02-18T11:16:44.198293-08:00"
